
Microsoft Visual Studio Solution File, Format Version 12.00
# Visual Studio Version 17
VisualStudioVersion = 17.5.002.0
MinimumVisualStudioVersion = 10.0.40219.1
Project("{9A19103F-16F7-4668-BE54-9A1E7A4F7556}") = "gravity-tic-tac-toe", "gravity-tic-tac-toe.csproj", "{BD725F6C-D077-4646-870B-7B32D92E2D7E}"
EndProject
Global
	GlobalSection(SolutionConfigurationPlatforms) = preSolution
		Debug|Any CPU = Debug|Any CPU
		Release|Any CPU = Release|Any CPU
	EndGlobalSection
	GlobalSection(ProjectConfigurationPlatforms) = postSolution
		{BD725F6C-D077-4646-870B-7B32D92E2D7E}.Debug|Any CPU.ActiveCfg = Debug|Any CPU
		{BD725F6C-D077-4646-870B-7B32D92E2D7E}.Debug|Any CPU.Build.0 = Debug|Any CPU
		{BD725F6C-D077-4646-870B-7B32D92E2D7E}.Release|Any CPU.ActiveCfg = Release|Any CPU
		{BD725F6C-D077-4646-870B-7B32D92E2D7E}.Release|Any CPU.Build.0 = Release|Any CPU
	EndGlobalSection
	GlobalSection(SolutionProperties) = preSolution
		HideSolutionNode = FALSE
	EndGlobalSection
	GlobalSection(ExtensibilityGlobals) = postSolution
		SolutionGuid = {EF8C6B00-B731-4A88-BD5F-A68DF8B6A1E5}
	EndGlobalSection
EndGlobal
